
Microsoft Visual Studio Solution File, Format Version 12.00
# Visual Studio 15
VisualStudioVersion = 15.0.27130.2027
MinimumVisualStudioVersion = 10.0.40219.1
Project("{FAE04EC0-301F-11D3-BF4B-00C04F79EFBC}") = "Linq", "linq\Linq.csproj", "{6B38CC3F-2280-4507-A65A-C78C32FEABFD}"
EndProject
Global
	GlobalSection(SolutionConfigurationPlatforms) = preSolution
		Debug|Any CPU = Debug|Any CPU
		Release|Any CPU = Release|Any CPU
	EndGlobalSection
	GlobalSection(ProjectConfigurationPlatforms) = postSolution
		{6B38CC3F-2280-4507-A65A-C78C32FEABFD}.Debug|Any CPU.ActiveCfg = Debug|Any CPU
		{6B38CC3F-2280-4507-A65A-C78C32FEABFD}.Debug|Any CPU.Build.0 = Debug|Any CPU
		{6B38CC3F-2280-4507-A65A-C78C32FEABFD}.Release|Any CPU.ActiveCfg = Release|Any CPU
		{6B38CC3F-2280-4507-A65A-C78C32FEABFD}.Release|Any CPU.Build.0 = Release|Any CPU
	EndGlobalSection
	GlobalSection(SolutionProperties) = preSolution
		HideSolutionNode = FALSE
	EndGlobalSection
	GlobalSection(ExtensibilityGlobals) = postSolution
		SolutionGuid = {CB496FEB-0DEC-45C6-A479-42CE26FC01AB}
	EndGlobalSection
EndGlobal
